Microsoft Visual Studio Solution File, Format Version 12.00
# Visual Studio Version 17
VisualStudioVersion = 17.5.2.0
MinimumVisualStudioVersion = 10.0.40219.1
Project("{FAE04EC0-301F-11D3-BF4B-00C04F79EFBC}") = "HelloWorldCSE310", "HelloWorldCSE310\HelloWorldCSE310.csproj", "{EFC7EFA8-C9E8-7CAE-75AF-C6CB54794A5D}"
EndProject
Global
	GlobalSection(SolutionConfigurationPlatforms) = preSolution
		Debug|Any CPU = Debug|Any CPU
		Release|Any CPU = Release|Any CPU
	EndGlobalSection
	GlobalSection(ProjectConfigurationPlatforms) = postSolution
		{EFC7EFA8-C9E8-7CAE-75AF-C6CB54794A5D}.Debug|Any CPU.ActiveCfg = Debug|Any CPU
		{EFC7EFA8-C9E8-7CAE-75AF-C6CB54794A5D}.Debug|Any CPU.Build.0 = Debug|Any CPU
		{EFC7EFA8-C9E8-7CAE-75AF-C6CB54794A5D}.Release|Any CPU.ActiveCfg = Release|Any CPU
		{EFC7EFA8-C9E8-7CAE-75AF-C6CB54794A5D}.Release|Any CPU.Build.0 = Release|Any CPU
	EndGlobalSection
	GlobalSection(SolutionProperties) = preSolution
		HideSolutionNode = FALSE
	EndGlobalSection
	GlobalSection(ExtensibilityGlobals) = postSolution
		SolutionGuid = {4A23D57F-F10E-4021-8AD7-473D70632E9E}
	EndGlobalSection
EndGlobal
